
Microsoft Visual Studio Solution File, Format Version 12.00
# Visual Studio 14
VisualStudioVersion = 14.0.25420.1
MinimumVisualStudioVersion = 10.0.40219.1
Project("{2150E333-8FDC-42A3-9474-1A3956D46DE8}") = "Test1", "Test1", "{A1CEDA65-F922-4EE3-AF36-DF71B8F6DF37}"
EndProject
Project("{FAE04EC0-301F-11D3-BF4B-00C04F79EFBC}") = "VectorSum", "Test1\VectorSum\VectorSum.csproj", "{E7095253-75B1-440D-A212-88B1D373750E}"
EndProject
Project("{2150E333-8FDC-42A3-9474-1A3956D46DE8}") = "Test2", "Test2", "{CF89AFB1-BB56-4B49-B3A1-A61C5674809D}"
EndProject
Project("{FAE04EC0-301F-11D3-BF4B-00C04F79EFBC}") = "PascalsTriangle", "Test2\PascalsTriangle\PascalsTriangle.csproj", "{F3327BFE-41C8-43F0-AFBE-0BDF0AF9627A}"
EndProject
Project("{FAE04EC0-301F-11D3-BF4B-00C04F79EFBC}") = "UnitTests", "Test2\Tests\UnitTests.csproj", "{A74B37F2-8621-4BEE-A4FB-F8FD5C32BA09}"
EndProject
Project("{2150E333-8FDC-42A3-9474-1A3956D46DE8}") = "Test3", "Test3", "{C991F1D2-A0E6-4FA2-AFB7-F8A8001B90CA}"
EndProject
Project("{FAE04EC0-301F-11D3-BF4B-00C04F79EFBC}") = "Solid", "Test3\Solid.csproj", "{D789AFD5-2BA4-48B9-A6AD-292AE4C50177}"
EndProject
Project("{2150E333-8FDC-42A3-9474-1A3956D46DE8}") = "Test6", "Test6", "{85286C1E-A45C-4123-9561-96FDF59E48B8}"
EndProject
Project("{FAE04EC0-301F-11D3-BF4B-00C04F79EFBC}") = "Game", "Test6\Game\Game.csproj", "{6324EFBE-CC89-4C59-8FB4-1B10245A2A1A}"
EndProject
Project("{2150E333-8FDC-42A3-9474-1A3956D46DE8}") = "Data", "Data", "{330B05E2-99C1-4CC3-BDEE-4CC98FE932AD}"
EndProject
Project("{FAE04EC0-301F-11D3-BF4B-00C04F79EFBC}") = "Store", "Data\Store\Store.csproj", "{CEB03163-482A-490B-8596-5175D0A22F8C}"
EndProject
Project("{2150E333-8FDC-42A3-9474-1A3956D46DE8}") = "Test7", "Test7", "{51D28E28-145F-480D-8BDC-4530363A2739}"
EndProject
Project("{FAE04EC0-301F-11D3-BF4B-00C04F79EFBC}") = "PlayerUI", "Test7\PlayerUI\PlayerUI.csproj", "{2C39F038-03B2-4F0D-86A7-414B35622894}"
	ProjectSection(ProjectDependencies) = postProject
		{6324EFBE-CC89-4C59-8FB4-1B10245A2A1A} = {6324EFBE-CC89-4C59-8FB4-1B10245A2A1A}
	EndProjectSection
EndProject
Project("{2150E333-8FDC-42A3-9474-1A3956D46DE8}") = "Test4", "Test4", "{0D4D8B1B-3D83-4CC0-8E43-0F401891EDF4}"
EndProject
Project("{FAE04EC0-301F-11D3-BF4B-00C04F79EFBC}") = "PlayerWebView", "Test4\PlayerWebView\PlayerWebView.csproj", "{704D3E32-9CA3-458E-9126-1A266BCB4069}"
EndProject
Project("{FAE04EC0-301F-11D3-BF4B-00C04F79EFBC}") = "QueueManager", "Test4\QueueManager\QueueManager.csproj", "{39C63260-4478-470A-AC9C-78D6D3BA79CC}"
EndProject
Project("{2150E333-8FDC-42A3-9474-1A3956D46DE8}") = "Test5", "Test5", "{0DCC8032-4D74-4252-AD7E-CE35B10B9DA9}"
	ProjectSection(SolutionItems) = preProject
		Test5\ReadMe_For Code Location.txt = Test5\ReadMe_For Code Location.txt
	EndProjectSection
EndProject
Project("{2150E333-8FDC-42A3-9474-1A3956D46DE8}") = "Test8", "Test8", "{7DF79592-805D-4287-8B11-8F11B6D465F1}"
EndProject
Project("{FAE04EC0-301F-11D3-BF4B-00C04F79EFBC}") = "WorkerThread", "Test8\WorkerThread\WorkerThread.csproj", "{CD47F4DA-C96D-4FCC-9D86-2F63CF4E6D7F}"
EndProject
Global
	GlobalSection(SolutionConfigurationPlatforms) = preSolution
		Debug|Any CPU = Debug|Any CPU
		Release|Any CPU = Release|Any CPU
	EndGlobalSection
	GlobalSection(ProjectConfigurationPlatforms) = postSolution
		{E7095253-75B1-440D-A212-88B1D373750E}.Debug|Any CPU.ActiveCfg = Debug|Any CPU
		{E7095253-75B1-440D-A212-88B1D373750E}.Debug|Any CPU.Build.0 = Debug|Any CPU
		{E7095253-75B1-440D-A212-88B1D373750E}.Release|Any CPU.ActiveCfg = Release|Any CPU
		{E7095253-75B1-440D-A212-88B1D373750E}.Release|Any CPU.Build.0 = Release|Any CPU
		{F3327BFE-41C8-43F0-AFBE-0BDF0AF9627A}.Debug|Any CPU.ActiveCfg = Debug|Any CPU
		{F3327BFE-41C8-43F0-AFBE-0BDF0AF9627A}.Debug|Any CPU.Build.0 = Debug|Any CPU
		{F3327BFE-41C8-43F0-AFBE-0BDF0AF9627A}.Release|Any CPU.ActiveCfg = Release|Any CPU
		{F3327BFE-41C8-43F0-AFBE-0BDF0AF9627A}.Release|Any CPU.Build.0 = Release|Any CPU
		{A74B37F2-8621-4BEE-A4FB-F8FD5C32BA09}.Debug|Any CPU.ActiveCfg = Debug|Any CPU
		{A74B37F2-8621-4BEE-A4FB-F8FD5C32BA09}.Debug|Any CPU.Build.0 = Debug|Any CPU
		{A74B37F2-8621-4BEE-A4FB-F8FD5C32BA09}.Release|Any CPU.ActiveCfg = Release|Any CPU
		{A74B37F2-8621-4BEE-A4FB-F8FD5C32BA09}.Release|Any CPU.Build.0 = Release|Any CPU
		{D789AFD5-2BA4-48B9-A6AD-292AE4C50177}.Debug|Any CPU.ActiveCfg = Debug|Any CPU
		{D789AFD5-2BA4-48B9-A6AD-292AE4C50177}.Debug|Any CPU.Build.0 = Debug|Any CPU
		{D789AFD5-2BA4-48B9-A6AD-292AE4C50177}.Release|Any CPU.ActiveCfg = Release|Any CPU
		{D789AFD5-2BA4-48B9-A6AD-292AE4C50177}.Release|Any CPU.Build.0 = Release|Any CPU
		{6324EFBE-CC89-4C59-8FB4-1B10245A2A1A}.Debug|Any CPU.ActiveCfg = Debug|Any CPU
		{6324EFBE-CC89-4C59-8FB4-1B10245A2A1A}.Debug|Any CPU.Build.0 = Debug|Any CPU
		{6324EFBE-CC89-4C59-8FB4-1B10245A2A1A}.Release|Any CPU.ActiveCfg = Release|Any CPU
		{6324EFBE-CC89-4C59-8FB4-1B10245A2A1A}.Release|Any CPU.Build.0 = Release|Any CPU
		{CEB03163-482A-490B-8596-5175D0A22F8C}.Debug|Any CPU.ActiveCfg = Debug|Any CPU
		{CEB03163-482A-490B-8596-5175D0A22F8C}.Debug|Any CPU.Build.0 = Debug|Any CPU
		{CEB03163-482A-490B-8596-5175D0A22F8C}.Release|Any CPU.ActiveCfg = Release|Any CPU
		{CEB03163-482A-490B-8596-5175D0A22F8C}.Release|Any CPU.Build.0 = Release|Any CPU
		{2C39F038-03B2-4F0D-86A7-414B35622894}.Debug|Any CPU.ActiveCfg = Debug|Any CPU
		{2C39F038-03B2-4F0D-86A7-414B35622894}.Debug|Any CPU.Build.0 = Debug|Any CPU
		{2C39F038-03B2-4F0D-86A7-414B35622894}.Release|Any CPU.ActiveCfg = Release|Any CPU
		{2C39F038-03B2-4F0D-86A7-414B35622894}.Release|Any CPU.Build.0 = Release|Any CPU
		{704D3E32-9CA3-458E-9126-1A266BCB4069}.Debug|Any CPU.ActiveCfg = Debug|Any CPU
		{704D3E32-9CA3-458E-9126-1A266BCB4069}.Debug|Any CPU.Build.0 = Debug|Any CPU
		{704D3E32-9CA3-458E-9126-1A266BCB4069}.Release|Any CPU.ActiveCfg = Release|Any CPU
		{704D3E32-9CA3-458E-9126-1A266BCB4069}.Release|Any CPU.Build.0 = Release|Any CPU
		{39C63260-4478-470A-AC9C-78D6D3BA79CC}.Debug|Any CPU.ActiveCfg = Debug|Any CPU
		{39C63260-4478-470A-AC9C-78D6D3BA79CC}.Debug|Any CPU.Build.0 = Debug|Any CPU
		{39C63260-4478-470A-AC9C-78D6D3BA79CC}.Release|Any CPU.ActiveCfg = Release|Any CPU
		{39C63260-4478-470A-AC9C-78D6D3BA79CC}.Release|Any CPU.Build.0 = Release|Any CPU
		{CD47F4DA-C96D-4FCC-9D86-2F63CF4E6D7F}.Debug|Any CPU.ActiveCfg = Debug|Any CPU
		{CD47F4DA-C96D-4FCC-9D86-2F63CF4E6D7F}.Debug|Any CPU.Build.0 = Debug|Any CPU
		{CD47F4DA-C96D-4FCC-9D86-2F63CF4E6D7F}.Release|Any CPU.ActiveCfg = Release|Any CPU
		{CD47F4DA-C96D-4FCC-9D86-2F63CF4E6D7F}.Release|Any CPU.Build.0 = Release|Any CPU
	EndGlobalSection
	GlobalSection(SolutionProperties) = preSolution
		HideSolutionNode = FALSE
	EndGlobalSection
	GlobalSection(NestedProjects) = preSolution
		{E7095253-75B1-440D-A212-88B1D373750E} = {A1CEDA65-F922-4EE3-AF36-DF71B8F6DF37}
		{F3327BFE-41C8-43F0-AFBE-0BDF0AF9627A} = {CF89AFB1-BB56-4B49-B3A1-A61C5674809D}
		{A74B37F2-8621-4BEE-A4FB-F8FD5C32BA09} = {CF89AFB1-BB56-4B49-B3A1-A61C5674809D}
		{D789AFD5-2BA4-48B9-A6AD-292AE4C50177} = {C991F1D2-A0E6-4FA2-AFB7-F8A8001B90CA}
		{6324EFBE-CC89-4C59-8FB4-1B10245A2A1A} = {85286C1E-A45C-4123-9561-96FDF59E48B8}
		{CEB03163-482A-490B-8596-5175D0A22F8C} = {330B05E2-99C1-4CC3-BDEE-4CC98FE932AD}
		{2C39F038-03B2-4F0D-86A7-414B35622894} = {51D28E28-145F-480D-8BDC-4530363A2739}
		{704D3E32-9CA3-458E-9126-1A266BCB4069} = {0D4D8B1B-3D83-4CC0-8E43-0F401891EDF4}
		{39C63260-4478-470A-AC9C-78D6D3BA79CC} = {0D4D8B1B-3D83-4CC0-8E43-0F401891EDF4}
		{CD47F4DA-C96D-4FCC-9D86-2F63CF4E6D7F} = {7DF79592-805D-4287-8B11-8F11B6D465F1}
	EndGlobalSection
EndGlobal
