
Microsoft Visual Studio Solution File, Format Version 12.00
# Visual Studio 2012
Project("{2150E333-8FDC-42A3-9474-1A3956D46DE8}") = "Test1", "Test1", "{A1CEDA65-F922-4EE3-AF36-DF71B8F6DF37}"
EndProject
Project("{FAE04EC0-301F-11D3-BF4B-00C04F79EFBC}") = "VectorSum", "Test1\VectorSum\VectorSum.csproj", "{E7095253-75B1-440D-A212-88B1D373750E}"
EndProject
Project("{2150E333-8FDC-42A3-9474-1A3956D46DE8}") = "Test2", "Test2", "{CF89AFB1-BB56-4B49-B3A1-A61C5674809D}"
EndProject
Project("{FAE04EC0-301F-11D3-BF4B-00C04F79EFBC}") = "PascalsTriangle", "Test2\PascalsTriangle\PascalsTriangle.csproj", "{F3327BFE-41C8-43F0-AFBE-0BDF0AF9627A}"
EndProject
Global
	GlobalSection(SolutionConfigurationPlatforms) = preSolution
		Debug|Any CPU = Debug|Any CPU
		Release|Any CPU = Release|Any CPU
	EndGlobalSection
	GlobalSection(ProjectConfigurationPlatforms) = postSolution
		{E7095253-75B1-440D-A212-88B1D373750E}.Debug|Any CPU.ActiveCfg = Debug|Any CPU
		{E7095253-75B1-440D-A212-88B1D373750E}.Debug|Any CPU.Build.0 = Debug|Any CPU
		{E7095253-75B1-440D-A212-88B1D373750E}.Release|Any CPU.ActiveCfg = Release|Any CPU
		{E7095253-75B1-440D-A212-88B1D373750E}.Release|Any CPU.Build.0 = Release|Any CPU
		{F3327BFE-41C8-43F0-AFBE-0BDF0AF9627A}.Debug|Any CPU.ActiveCfg = Debug|Any CPU
		{F3327BFE-41C8-43F0-AFBE-0BDF0AF9627A}.Debug|Any CPU.Build.0 = Debug|Any CPU
		{F3327BFE-41C8-43F0-AFBE-0BDF0AF9627A}.Release|Any CPU.ActiveCfg = Release|Any CPU
		{F3327BFE-41C8-43F0-AFBE-0BDF0AF9627A}.Release|Any CPU.Build.0 = Release|Any CPU
	EndGlobalSection
	GlobalSection(SolutionProperties) = preSolution
		HideSolutionNode = FALSE
	EndGlobalSection
	GlobalSection(NestedProjects) = preSolution
		{E7095253-75B1-440D-A212-88B1D373750E} = {A1CEDA65-F922-4EE3-AF36-DF71B8F6DF37}
		{F3327BFE-41C8-43F0-AFBE-0BDF0AF9627A} = {CF89AFB1-BB56-4B49-B3A1-A61C5674809D}
	EndGlobalSection
EndGlobal
